
Microsoft Visual Studio Solution File, Format Version 12.00
# Visual Studio 2010
Project("{F184B08F-C81C-45F6-A57F-5ABD9991F28F}") = "BatchMDLCompile", "BatchMDLCompile\BatchMDLCompile.vbproj", "{3A79E4C2-E689-4616-A983-F1CC7C80DA6D}"
EndProject
Global
	GlobalSection(SolutionConfigurationPlatforms) = preSolution
		Debug|Any CPU = Debug|Any CPU
		Debug|x86 = Debug|x86
		Release|Any CPU = Release|Any CPU
		Release|x86 = Release|x86
	EndGlobalSection
	GlobalSection(ProjectConfigurationPlatforms) = postSolution
		{3A79E4C2-E689-4616-A983-F1CC7C80DA6D}.Debug|Any CPU.ActiveCfg = Debug|x86
		{3A79E4C2-E689-4616-A983-F1CC7C80DA6D}.Debug|Any CPU.Build.0 = Debug|x86
		{3A79E4C2-E689-4616-A983-F1CC7C80DA6D}.Debug|x86.ActiveCfg = Debug|x86
		{3A79E4C2-E689-4616-A983-F1CC7C80DA6D}.Debug|x86.Build.0 = Debug|x86
		{3A79E4C2-E689-4616-A983-F1CC7C80DA6D}.Release|Any CPU.ActiveCfg = Release|Any CPU
		{3A79E4C2-E689-4616-A983-F1CC7C80DA6D}.Release|Any CPU.Build.0 = Release|Any CPU
		{3A79E4C2-E689-4616-A983-F1CC7C80DA6D}.Release|x86.ActiveCfg = Release|x86
		{3A79E4C2-E689-4616-A983-F1CC7C80DA6D}.Release|x86.Build.0 = Release|x86
	EndGlobalSection
	GlobalSection(SolutionProperties) = preSolution
		HideSolutionNode = FALSE
	EndGlobalSection
EndGlobal
